<Solution>
  <Folder Name="/Элементы решения/">
    <File Path="docker-compose.yml" />
    <File Path="Dockerfile" />
  </Folder>
  <Project Path="API/API.csproj" />
  <Project Path="Domain/Domain.csproj" />
  <Project Path="Infrastructure/Infrastructure.csproj" />
  <Project Path="TodoServiceTest/TodoServiceTest.csproj" Id="e4b889ce-c53a-4f50-8e64-45b66972e5f1" />
</Solution>
